// !$*UTF8*$!
{
	archiveVersion = 1;
	classes = {
	};
	objectVersion = 50;
	objects = {

/* Begin PBXBuildFile section */
		786554CA27F3E0CC00895121 /* Entry.swift in Sources */ = {isa = PBXBuildFile; fileRef = 786554C927F3E0CC00895121 /* Entry.swift */; };
		786554CC27F3E27D00895121 /* EntryModelController.swift in Sources */ = {isa = PBXBuildFile; fileRef = 786554CB27F3E27D00895121 /* EntryModelController.swift */; };
		786554D727F3E53800895121 /* JournalModelControllerTests.swift in Sources */ = {isa = PBXBuildFile; fileRef = 786554D627F3E53800895121 /* JournalModelControllerTests.swift */; };
		786554DF27F3ED6100895121 /* EntryListTableViewController.swift in Sources */ = {isa = PBXBuildFile; fileRef = 786554DE27F3ED6100895121 /* EntryListTableViewController.swift */; };
		786554E127F3F25400895121 /* EntryDetailViewController.swift in Sources */ = {isa = PBXBuildFile; fileRef = 786554E027F3F25400895121 /* EntryDetailViewController.swift */; };
		786554E327F68AF600895121 /* Journal.swift in Sources */ = {isa = PBXBuildFile; fileRef = 786554E227F68AF600895121 /* Journal.swift */; };
		786554E527F68C3300895121 /* JournalModelController.swift in Sources */ = {isa = PBXBuildFile; fileRef = 786554E427F68C3300895121 /* JournalModelController.swift */; };
		786554E727F68CFB00895121 /* EntryModelControllerTests.swift in Sources */ = {isa = PBXBuildFile; fileRef = 786554E627F68CFB00895121 /* EntryModelControllerTests.swift */; };
		786554E927FBD9A300895121 /* JournalListViewController.swift in Sources */ = {isa = PBXBuildFile; fileRef = 786554E827FBD9A300895121 /* JournalListViewController.swift */; };
		78F7184627F51E3300D3A72C /* FileSystemStorage.swift in Sources */ = {isa = PBXBuildFile; fileRef = 78F7184527F51E3300D3A72C /* FileSystemStorage.swift */; };
		7EDA120F259D233600BBD350 /* AppDelegate.swift in Sources */ = {isa = PBXBuildFile; fileRef = 7EDA120E259D233600BBD350 /* AppDelegate.swift */; };
		7EDA1211259D233600BBD350 /* SceneDelegate.swift in Sources */ = {isa = PBXBuildFile; fileRef = 7EDA1210259D233600BBD350 /* SceneDelegate.swift */; };
		7EDA1216259D233600BBD350 /* Main.storyboard in Resources */ = {isa = PBXBuildFile; fileRef = 7EDA1214259D233600BBD350 /* Main.storyboard */; };
		7EDA1218259D233700BBD350 /* Assets.xcassets in Resources */ = {isa = PBXBuildFile; fileRef = 7EDA1217259D233700BBD350 /* Assets.xcassets */; };
		7EDA121B259D233700BBD350 /* LaunchScreen.storyboard in Resources */ = {isa = PBXBuildFile; fileRef = 7EDA1219259D233700BBD350 /* LaunchScreen.storyboard */; };
/* End PBXBuildFile section */

/* Begin PBXContainerItemProxy section */
		786554D827F3E53800895121 /* PBXContainerItemProxy */ = {
			isa = PBXContainerItemProxy;
			containerPortal = 7EDA1203259D233600BBD350 /* Project object */;
			proxyType = 1;
			remoteGlobalIDString = 7EDA120A259D233600BBD350;
			remoteInfo = Journal;
		};
/* End PBXContainerItemProxy section */

/* Begin PBXFileReference section */
		786554C927F3E0CC00895121 /* Entry.swift */ = {isa = PBXFileReference; lastKnownFileType = sourcecode.swift; path = Entry.swift; sourceTree = "<group>"; };
		786554CB27F3E27D00895121 /* EntryModelController.swift */ = {isa = PBXFileReference; lastKnownFileType = sourcecode.swift; path = EntryModelController.swift; sourceTree = "<group>"; };
		786554D427F3E53800895121 /* JournalTests.xctest */ = {isa = PBXFileReference; explicitFileType = wrapper.cfbundle; includeInIndex = 0; path = JournalTests.xctest; sourceTree = BUILT_PRODUCTS_DIR; };
		786554D627F3E53800895121 /* JournalModelControllerTests.swift */ = {isa = PBXFileReference; lastKnownFileType = sourcecode.swift; path = JournalModelControllerTests.swift; sourceTree = "<group>"; };
		786554DE27F3ED6100895121 /* EntryListTableViewController.swift */ = {isa = PBXFileReference; lastKnownFileType = sourcecode.swift; path = EntryListTableViewController.swift; sourceTree = "<group>"; };
		786554E027F3F25400895121 /* EntryDetailViewController.swift */ = {isa = PBXFileReference; lastKnownFileType = sourcecode.swift; path = EntryDetailViewController.swift; sourceTree = "<group>"; };
		786554E227F68AF600895121 /* Journal.swift */ = {isa = PBXFileReference; lastKnownFileType = sourcecode.swift; path = Journal.swift; sourceTree = "<group>"; };
		786554E427F68C3300895121 /* JournalModelController.swift */ = {isa = PBXFileReference; lastKnownFileType = sourcecode.swift; path = JournalModelController.swift; sourceTree = "<group>"; };
		786554E627F68CFB00895121 /* EntryModelControllerTests.swift */ = {isa = PBXFileReference; lastKnownFileType = sourcecode.swift; path = EntryModelControllerTests.swift; sourceTree = "<group>"; };
		786554E827FBD9A300895121 /* JournalListViewController.swift */ = {isa = PBXFileReference; lastKnownFileType = sourcecode.swift; path = JournalListViewController.swift; sourceTree = "<group>"; };
		78F7184527F51E3300D3A72C /* FileSystemStorage.swift */ = {isa = PBXFileReference; lastKnownFileType = sourcecode.swift; path = FileSystemStorage.swift; sourceTree = "<group>"; };
		7EDA120B259D233600BBD350 /* Journal.app */ = {isa = PBXFileReference; explicitFileType = wrapper.application; includeInIndex = 0; path = Journal.app; sourceTree = BUILT_PRODUCTS_DIR; };
		7EDA120E259D233600BBD350 /* AppDelegate.swift */ = {isa = PBXFileReference; lastKnownFileType = sourcecode.swift; path = AppDelegate.swift; sourceTree = "<group>"; };
		7EDA1210259D233600BBD350 /* SceneDelegate.swift */ = {isa = PBXFileReference; lastKnownFileType = sourcecode.swift; path = SceneDelegate.swift; sourceTree = "<group>"; };
		7EDA1215259D233600BBD350 /* Base */ = {isa = PBXFileReference; lastKnownFileType = file.storyboard; name = Base; path = Base.lproj/Main.storyboard; sourceTree = "<group>"; };
		7EDA1217259D233700BBD350 /* Assets.xcassets */ = {isa = PBXFileReference; lastKnownFileType = folder.assetcatalog; path = Assets.xcassets; sourceTree = "<group>"; };
		7EDA121A259D233700BBD350 /* Base */ = {isa = PBXFileReference; lastKnownFileType = file.storyboard; name = Base; path = Base.lproj/LaunchScreen.storyboard; sourceTree = "<group>"; };
		7EDA121C259D233700BBD350 /* Info.plist */ = {isa = PBXFileReference; lastKnownFileType = text.plist.xml; path = Info.plist; sourceTree = "<group>"; };
/* End PBXFileReference section */

/* Begin PBXFrameworksBuildPhase section */
		786554D127F3E53800895121 /* Frameworks */ = {
			isa = PBXFrameworksBuildPhase;
			buildActionMask = 2147483647;
			files = (
			);
			runOnlyForDeploymentPostprocessing = 0;
		};
		7EDA1208259D233600BBD350 /* Frameworks */ = {
			isa = PBXFrameworksBuildPhase;
			buildActionMask = 2147483647;
			files = (
			);
			runOnlyForDeploymentPostprocessing = 0;
		};
/* End PBXFrameworksBuildPhase section */

/* Begin PBXGroup section */
		786554C827F3E0C000895121 /* Model */ = {
			isa = PBXGroup;
			children = (
				78F7184527F51E3300D3A72C /* FileSystemStorage.swift */,
				786554C927F3E0CC00895121 /* Entry.swift */,
				786554E227F68AF600895121 /* Journal.swift */,
				786554CB27F3E27D00895121 /* EntryModelController.swift */,
				786554E427F68C3300895121 /* JournalModelController.swift */,
			);
			path = Model;
			sourceTree = "<group>";
		};
		786554D527F3E53800895121 /* JournalTests */ = {
			isa = PBXGroup;
			children = (
				786554D627F3E53800895121 /* JournalModelControllerTests.swift */,
				786554E627F68CFB00895121 /* EntryModelControllerTests.swift */,
			);
			path = JournalTests;
			sourceTree = "<group>";
		};
		786554DD27F3ED3100895121 /* ViewControllers */ = {
			isa = PBXGroup;
			children = (
				786554DE27F3ED6100895121 /* EntryListTableViewController.swift */,
				786554E027F3F25400895121 /* EntryDetailViewController.swift */,
				786554E827FBD9A300895121 /* JournalListViewController.swift */,
			);
			path = ViewControllers;
			sourceTree = "<group>";
		};
		7EDA1202259D233600BBD350 = {
			isa = PBXGroup;
			children = (
				7EDA120D259D233600BBD350 /* Journal */,
				786554D527F3E53800895121 /* JournalTests */,
				7EDA120C259D233600BBD350 /* Products */,
			);
			sourceTree = "<group>";
		};
		7EDA120C259D233600BBD350 /* Products */ = {
			isa = PBXGroup;
			children = (
				7EDA120B259D233600BBD350 /* Journal.app */,
				786554D427F3E53800895121 /* JournalTests.xctest */,
			);
			name = Products;
			sourceTree = "<group>";
		};
		7EDA120D259D233600BBD350 /* Journal */ = {
			isa = PBXGroup;
			children = (
				786554C827F3E0C000895121 /* Model */,
				786554DD27F3ED3100895121 /* ViewControllers */,
				7EDA1223259D234200BBD350 /* Resources */,
				7EDA1227259D237600BBD350 /* Storyboards */,
			);
			path = Journal;
			sourceTree = "<group>";
		};
		7EDA1223259D234200BBD350 /* Resources */ = {
			isa = PBXGroup;
			children = (
				7EDA120E259D233600BBD350 /* AppDelegate.swift */,
				7EDA1210259D233600BBD350 /* SceneDelegate.swift */,
				7EDA1217259D233700BBD350 /* Assets.xcassets */,
				7EDA121C259D233700BBD350 /* Info.plist */,
			);
			path = Resources;
			sourceTree = "<group>";
		};
		7EDA1227259D237600BBD350 /* Storyboards */ = {
			isa = PBXGroup;
			children = (
				7EDA1214259D233600BBD350 /* Main.storyboard */,
				7EDA1219259D233700BBD350 /* LaunchScreen.storyboard */,
			);
			path = Storyboards;
			sourceTree = "<group>";
		};
/* End PBXGroup section */

/* Begin PBXNativeTarget section */
		786554D327F3E53800895121 /* JournalTests */ = {
			isa = PBXNativeTarget;
			buildConfigurationList = 786554DA27F3E53800895121 /* Build configuration list for PBXNativeTarget "JournalTests" */;
			buildPhases = (
				786554D027F3E53800895121 /* Sources */,
				786554D127F3E53800895121 /* Frameworks */,
				786554D227F3E53800895121 /* Resources */,
			);
			buildRules = (
			);
			dependencies = (
				786554D927F3E53800895121 /* PBXTargetDependency */,
			);
			name = JournalTests;
			productName = JournalTests;
			productReference = 786554D427F3E53800895121 /* JournalTests.xctest */;
			productType = "com.apple.product-type.bundle.unit-test";
		};
		7EDA120A259D233600BBD350 /* Journal */ = {
			isa = PBXNativeTarget;
			buildConfigurationList = 7EDA121F259D233700BBD350 /* Build configuration list for PBXNativeTarget "Journal" */;
			buildPhases = (
				7EDA1207259D233600BBD350 /* Sources */,
				7EDA1208259D233600BBD350 /* Frameworks */,
				7EDA1209259D233600BBD350 /* Resources */,
			);
			buildRules = (
			);
			dependencies = (
			);
			name = Journal;
			productName = Journal;
			productReference = 7EDA120B259D233600BBD350 /* Journal.app */;
			productType = "com.apple.product-type.application";
		};
/* End PBXNativeTarget section */

/* Begin PBXProject section */
		7EDA1203259D233600BBD350 /* Project object */ = {
			isa = PBXProject;
			attributes = {
				LastSwiftUpdateCheck = 1330;
				LastUpgradeCheck = 1230;
				TargetAttributes = {
					786554D327F3E53800895121 = {
						CreatedOnToolsVersion = 13.3;
						TestTargetID = 7EDA120A259D233600BBD350;
					};
					7EDA120A259D233600BBD350 = {
						CreatedOnToolsVersion = 12.3;
					};
				};
			};
			buildConfigurationList = 7EDA1206259D233600BBD350 /* Build configuration list for PBXProject "Journal" */;
			compatibilityVersion = "Xcode 9.3";
			developmentRegion = en;
			hasScannedForEncodings = 0;
			knownRegions = (
				en,
				Base,
			);
			mainGroup = 7EDA1202259D233600BBD350;
			productRefGroup = 7EDA120C259D233600BBD350 /* Products */;
			projectDirPath = "";
			projectRoot = "";
			targets = (
				7EDA120A259D233600BBD350 /* Journal */,
				786554D327F3E53800895121 /* JournalTests */,
			);
		};
/* End PBXProject section */

/* Begin PBXResourcesBuildPhase section */
		786554D227F3E53800895121 /* Resources */ = {
			isa = PBXResourcesBuildPhase;
			buildActionMask = 2147483647;
			files = (
			);
			runOnlyForDeploymentPostprocessing = 0;
		};
		7EDA1209259D233600BBD350 /* Resources */ = {
			isa = PBXResourcesBuildPhase;
			buildActionMask = 2147483647;
			files = (
				7EDA121B259D233700BBD350 /* LaunchScreen.storyboard in Resources */,
				7EDA1218259D233700BBD350 /* Assets.xcassets in Resources */,
				7EDA1216259D233600BBD350 /* Main.storyboard in Resources */,
			);
			runOnlyForDeploymentPostprocessing = 0;
		};
/* End PBXResourcesBuildPhase section */

/* Begin PBXSourcesBuildPhase section */
		786554D027F3E53800895121 /* Sources */ = {
			isa = PBXSourcesBuildPhase;
			buildActionMask = 2147483647;
			files = (
				786554E727F68CFB00895121 /* EntryModelControllerTests.swift in Sources */,
				786554D727F3E53800895121 /* JournalModelControllerTests.swift in Sources */,
			);
			runOnlyForDeploymentPostprocessing = 0;
		};
		7EDA1207259D233600BBD350 /* Sources */ = {
			isa = PBXSourcesBuildPhase;
			buildActionMask = 2147483647;
			files = (
				786554CC27F3E27D00895121 /* EntryModelController.swift in Sources */,
				786554DF27F3ED6100895121 /* EntryListTableViewController.swift in Sources */,
				786554CA27F3E0CC00895121 /* Entry.swift in Sources */,
				786554E527F68C3300895121 /* JournalModelController.swift in Sources */,
				786554E327F68AF600895121 /* Journal.swift in Sources */,
				7EDA120F259D233600BBD350 /* AppDelegate.swift in Sources */,
				786554E927FBD9A300895121 /* JournalListViewController.swift in Sources */,
				786554E127F3F25400895121 /* EntryDetailViewController.swift in Sources */,
				7EDA1211259D233600BBD350 /* SceneDelegate.swift in Sources */,
				78F7184627F51E3300D3A72C /* FileSystemStorage.swift in Sources */,
			);
			runOnlyForDeploymentPostprocessing = 0;
		};
/* End PBXSourcesBuildPhase section */

/* Begin PBXTargetDependency section */
		786554D927F3E53800895121 /* PBXTargetDependency */ = {
			isa = PBXTargetDependency;
			target = 7EDA120A259D233600BBD350 /* Journal */;
			targetProxy = 786554D827F3E53800895121 /* PBXContainerItemProxy */;
		};
/* End PBXTargetDependency section */

/* Begin PBXVariantGroup section */
		7EDA1214259D233600BBD350 /* Main.storyboard */ = {
			isa = PBXVariantGroup;
			children = (
				7EDA1215259D233600BBD350 /* Base */,
			);
			name = Main.storyboard;
			sourceTree = "<group>";
		};
		7EDA1219259D233700BBD350 /* LaunchScreen.storyboard */ = {
			isa = PBXVariantGroup;
			children = (
				7EDA121A259D233700BBD350 /* Base */,
			);
			name = LaunchScreen.storyboard;
			sourceTree = "<group>";
		};
/* End PBXVariantGroup section */

/* Begin XCBuildConfiguration section */
		786554DB27F3E53800895121 /* Debug */ = {
			isa = XCBuildConfiguration;
			buildSettings = {
				BUNDLE_LOADER = "$(TEST_HOST)";
				CLANG_CXX_LANGUAGE_STANDARD = "gnu++17";
				CODE_SIGN_STYLE = Automatic;
				CURRENT_PROJECT_VERSION = 1;
				DEVELOPMENT_TEAM = 6NGD55677D;
				GENERATE_INFOPLIST_FILE = YES;
				IPHONEOS_DEPLOYMENT_TARGET = 15.0;
				MARKETING_VERSION = 1.0;
				PRODUCT_BUNDLE_IDENTIFIER = costa.thiago.com.JournalTests;
				PRODUCT_NAME = "$(TARGET_NAME)";
				SWIFT_EMIT_LOC_STRINGS = NO;
				SWIFT_VERSION = 5.0;
				TARGETED_DEVICE_FAMILY = "1,2";
				TEST_HOST = "$(BUILT_PRODUCTS_DIR)/Journal.app/Journal";
			};
			name = Debug;
		};
		786554DC27F3E53800895121 /* Release */ = {
			isa = XCBuildConfiguration;
			buildSettings = {
				BUNDLE_LOADER = "$(TEST_HOST)";
				CLANG_CXX_LANGUAGE_STANDARD = "gnu++17";
				CODE_SIGN_STYLE = Automatic;
				CURRENT_PROJECT_VERSION = 1;
				DEVELOPMENT_TEAM = 6NGD55677D;
				GENERATE_INFOPLIST_FILE = YES;
				IPHONEOS_DEPLOYMENT_TARGET = 15.0;
				MARKETING_VERSION = 1.0;
				PRODUCT_BUNDLE_IDENTIFIER = costa.thiago.com.JournalTests;
				PRODUCT_NAME = "$(TARGET_NAME)";
				SWIFT_EMIT_LOC_STRINGS = NO;
				SWIFT_VERSION = 5.0;
				TARGETED_DEVICE_FAMILY = "1,2";
				TEST_HOST = "$(BUILT_PRODUCTS_DIR)/Journal.app/Journal";
			};
			name = Release;
		};
		7EDA121D259D233700BBD350 /* Debug */ = {
			isa = XCBuildConfiguration;
			buildSettings = {
				ALWAYS_SEARCH_USER_PATHS = NO;
				CLANG_ANALYZER_NONNULL = YES;
				CLANG_ANALYZER_NUMBER_OBJECT_CONVERSION = YES_AGGRESSIVE;
				CLANG_CXX_LANGUAGE_STANDARD = "gnu++14";
				CLANG_CXX_LIBRARY = "libc++";
				CLANG_ENABLE_MODULES = YES;
				CLANG_ENABLE_OBJC_ARC = YES;
				CLANG_ENABLE_OBJC_WEAK = YES;
				CLANG_WARN_BLOCK_CAPTURE_AUTORELEASING = YES;
				CLANG_WARN_BOOL_CONVERSION = YES;
				CLANG_WARN_COMMA = YES;
				CLANG_WARN_CONSTANT_CONVERSION = YES;
				CLANG_WARN_DEPRECATED_OBJC_IMPLEMENTATIONS = YES;
				CLANG_WARN_DIRECT_OBJC_ISA_USAGE = YES_ERROR;
				CLANG_WARN_DOCUMENTATION_COMMENTS = YES;
				CLANG_WARN_EMPTY_BODY = YES;
				CLANG_WARN_ENUM_CONVERSION = YES;
				CLANG_WARN_INFINITE_RECURSION = YES;
				CLANG_WARN_INT_CONVERSION = YES;
				CLANG_WARN_NON_LITERAL_NULL_CONVERSION = YES;
				CLANG_WARN_OBJC_IMPLICIT_RETAIN_SELF = YES;
				CLANG_WARN_OBJC_LITERAL_CONVERSION = YES;
				CLANG_WARN_OBJC_ROOT_CLASS = YES_ERROR;
				CLANG_WARN_QUOTED_INCLUDE_IN_FRAMEWORK_HEADER = YES;
				CLANG_WARN_RANGE_LOOP_ANALYSIS = YES;
				CLANG_WARN_STRICT_PROTOTYPES = YES;
				CLANG_WARN_SUSPICIOUS_MOVE = YES;
				CLANG_WARN_UNGUARDED_AVAILABILITY = YES_AGGRESSIVE;
				CLANG_WARN_UNREACHABLE_CODE = YES;
				CLANG_WARN__DUPLICATE_METHOD_MATCH = YES;
				COPY_PHASE_STRIP = NO;
				DEBUG_INFORMATION_FORMAT = dwarf;
				ENABLE_STRICT_OBJC_MSGSEND = YES;
				ENABLE_TESTABILITY = YES;
				GCC_C_LANGUAGE_STANDARD = gnu11;
				GCC_DYNAMIC_NO_PIC = NO;
				GCC_NO_COMMON_BLOCKS = YES;
				GCC_OPTIMIZATION_LEVEL = 0;
				GCC_PREPROCESSOR_DEFINITIONS = (
					"DEBUG=1",
					"$(inherited)",
				);
				GCC_WARN_64_TO_32_BIT_CONVERSION = YES;
				GCC_WARN_ABOUT_RETURN_TYPE = YES_ERROR;
				GCC_WARN_UNDECLARED_SELECTOR = YES;
				GCC_WARN_UNINITIALIZED_AUTOS = YES_AGGRESSIVE;
				GCC_WARN_UNUSED_FUNCTION = YES;
				GCC_WARN_UNUSED_VARIABLE = YES;
				IPHONEOS_DEPLOYMENT_TARGET = 14.3;
				MTL_ENABLE_DEBUG_INFO = INCLUDE_SOURCE;
				MTL_FAST_MATH = YES;
				ONLY_ACTIVE_ARCH = YES;
				SDKROOT = iphoneos;
				SWIFT_ACTIVE_COMPILATION_CONDITIONS = DEBUG;
				SWIFT_OPTIMIZATION_LEVEL = "-Onone";
			};
			name = Debug;
		};
		7EDA121E259D233700BBD350 /* Release */ = {
			isa = XCBuildConfiguration;
			buildSettings = {
				ALWAYS_SEARCH_USER_PATHS = NO;
				CLANG_ANALYZER_NONNULL = YES;
				CLANG_ANALYZER_NUMBER_OBJECT_CONVERSION = YES_AGGRESSIVE;
				CLANG_CXX_LANGUAGE_STANDARD = "gnu++14";
				CLANG_CXX_LIBRARY = "libc++";
				CLANG_ENABLE_MODULES = YES;
				CLANG_ENABLE_OBJC_ARC = YES;
				CLANG_ENABLE_OBJC_WEAK = YES;
				CLANG_WARN_BLOCK_CAPTURE_AUTORELEASING = YES;
				CLANG_WARN_BOOL_CONVERSION = YES;
				CLANG_WARN_COMMA = YES;
				CLANG_WARN_CONSTANT_CONVERSION = YES;
				CLANG_WARN_DEPRECATED_OBJC_IMPLEMENTATIONS = YES;
				CLANG_WARN_DIRECT_OBJC_ISA_USAGE = YES_ERROR;
				CLANG_WARN_DOCUMENTATION_COMMENTS = YES;
				CLANG_WARN_EMPTY_BODY = YES;
				CLANG_WARN_ENUM_CONVERSION = YES;
				CLANG_WARN_INFINITE_RECURSION = YES;
				CLANG_WARN_INT_CONVERSION = YES;
				CLANG_WARN_NON_LITERAL_NULL_CONVERSION = YES;
				CLANG_WARN_OBJC_IMPLICIT_RETAIN_SELF = YES;
				CLANG_WARN_OBJC_LITERAL_CONVERSION = YES;
				CLANG_WARN_OBJC_ROOT_CLASS = YES_ERROR;
				CLANG_WARN_QUOTED_INCLUDE_IN_FRAMEWORK_HEADER = YES;
				CLANG_WARN_RANGE_LOOP_ANALYSIS = YES;
				CLANG_WARN_STRICT_PROTOTYPES = YES;
				CLANG_WARN_SUSPICIOUS_MOVE = YES;
				CLANG_WARN_UNGUARDED_AVAILABILITY = YES_AGGRESSIVE;
				CLANG_WARN_UNREACHABLE_CODE = YES;
				CLANG_WARN__DUPLICATE_METHOD_MATCH = YES;
				COPY_PHASE_STRIP = NO;
				DEBUG_INFORMATION_FORMAT = "dwarf-with-dsym";
				ENABLE_NS_ASSERTIONS = NO;
				ENABLE_STRICT_OBJC_MSGSEND = YES;
				GCC_C_LANGUAGE_STANDARD = gnu11;
				GCC_NO_COMMON_BLOCKS = YES;
				GCC_WARN_64_TO_32_BIT_CONVERSION = YES;
				GCC_WARN_ABOUT_RETURN_TYPE = YES_ERROR;
				GCC_WARN_UNDECLARED_SELECTOR = YES;
				GCC_WARN_UNINITIALIZED_AUTOS = YES_AGGRESSIVE;
				GCC_WARN_UNUSED_FUNCTION = YES;
				GCC_WARN_UNUSED_VARIABLE = YES;
				IPHONEOS_DEPLOYMENT_TARGET = 14.3;
				MTL_ENABLE_DEBUG_INFO = NO;
				MTL_FAST_MATH = YES;
				SDKROOT = iphoneos;
				SWIFT_COMPILATION_MODE = wholemodule;
				SWIFT_OPTIMIZATION_LEVEL = "-O";
				VALIDATE_PRODUCT = YES;
			};
			name = Release;
		};
		7EDA1220259D233700BBD350 /* Debug */ = {
			isa = XCBuildConfiguration;
			buildSettings = {
				ASSETCATALOG_COMPILER_APPICON_NAME = AppIcon;
				ASSETCATALOG_COMPILER_GLOBAL_ACCENT_COLOR_NAME = AccentColor;
				CODE_SIGN_STYLE = Automatic;
				DEVELOPMENT_TEAM = 6NGD55677D;
				INFOPLIST_FILE = Journal/Resources/Info.plist;
				IPHONEOS_DEPLOYMENT_TARGET = 15.0;
				LD_RUNPATH_SEARCH_PATHS = (
					"$(inherited)",
					"@executable_path/Frameworks",
				);
				PRODUCT_BUNDLE_IDENTIFIER = com.costa.thiago;
				PRODUCT_NAME = "$(TARGET_NAME)";
				SWIFT_VERSION = 5.0;
				TARGETED_DEVICE_FAMILY = "1,2";
			};
			name = Debug;
		};
		7EDA1221259D233700BBD350 /* Release */ = {
			isa = XCBuildConfiguration;
			buildSettings = {
				ASSETCATALOG_COMPILER_APPICON_NAME = AppIcon;
				ASSETCATALOG_COMPILER_GLOBAL_ACCENT_COLOR_NAME = AccentColor;
				CODE_SIGN_STYLE = Automatic;
				DEVELOPMENT_TEAM = 6NGD55677D;
				INFOPLIST_FILE = Journal/Resources/Info.plist;
				IPHONEOS_DEPLOYMENT_TARGET = 15.0;
				LD_RUNPATH_SEARCH_PATHS = (
					"$(inherited)",
					"@executable_path/Frameworks",
				);
				PRODUCT_BUNDLE_IDENTIFIER = com.costa.thiago;
				PRODUCT_NAME = "$(TARGET_NAME)";
				SWIFT_VERSION = 5.0;
				TARGETED_DEVICE_FAMILY = "1,2";
			};
			name = Release;
		};
/* End XCBuildConfiguration section */

/* Begin XCConfigurationList section */
		786554DA27F3E53800895121 /* Build configuration list for PBXNativeTarget "JournalTests" */ = {
			isa = XCConfigurationList;
			buildConfigurations = (
				786554DB27F3E53800895121 /* Debug */,
				786554DC27F3E53800895121 /* Release */,
			);
			defaultConfigurationIsVisible = 0;
			defaultConfigurationName = Release;
		};
		7EDA1206259D233600BBD350 /* Build configuration list for PBXProject "Journal" */ = {
			isa = XCConfigurationList;
			buildConfigurations = (
				7EDA121D259D233700BBD350 /* Debug */,
				7EDA121E259D233700BBD350 /* Release */,
			);
			defaultConfigurationIsVisible = 0;
			defaultConfigurationName = Release;
		};
		7EDA121F259D233700BBD350 /* Build configuration list for PBXNativeTarget "Journal" */ = {
			isa = XCConfigurationList;
			buildConfigurations = (
				7EDA1220259D233700BBD350 /* Debug */,
				7EDA1221259D233700BBD350 /* Release */,
			);
			defaultConfigurationIsVisible = 0;
			defaultConfigurationName = Release;
		};
/* End XCConfigurationList section */
	};
	rootObject = 7EDA1203259D233600BBD350 /* Project object */;
}
